# THIS IS AN AUTOGENERATED FILE. DO NOT EDIT THIS FILE DIRECTLY.
# yarn lockfile v1


"@types/node@^10.0.6":
  version "10.0.6"
  resolved "https://registry.yarnpkg.com/@types/node/-/node-10.0.6.tgz#c0bce8e539bf34c1b850c13ff46bead2fecc2e58"

camelcase@^4.1.0:
  version "4.1.0"
  resolved "https://registry.yarnpkg.com/camelcase/-/camelcase-4.1.0.tgz#d545635be1e33c542649c69173e5de6acfae34dd"

convict@^4.2.0:
  version "4.2.0"
  resolved "https://registry.yarnpkg.com/convict/-/convict-4.2.0.tgz#ce88041fbec85f79d58d862ad738a5f40d2cef83"
  dependencies:
    depd "1.1.1"
    json5 "0.5.1"
    lodash.clonedeep "4.5.0"
    moment "2.19.3"
    validator "7.2.0"
    yargs-parser "7.0.0"
  optionalDependencies:
    varify "0.2.0"

depd@1.1.1:
  version "1.1.1"
  resolved "https://registry.yarnpkg.com/depd/-/depd-1.1.1.tgz#5783b4e1c459f06fa5ca27f991f3d06e7a310359"

esprima@~3.0.0:
  version "3.0.0"
  resolved "https://registry.yarnpkg.com/esprima/-/esprima-3.0.0.tgz#53cf247acda77313e551c3aa2e73342d3fb4f7d9"

json5@0.5.1:
  version "0.5.1"
  resolved "https://registry.yarnpkg.com/json5/-/json5-0.5.1.tgz#1eade7acc012034ad84e2396767ead9fa5495821"

lodash.clonedeep@4.5.0:
  version "4.5.0"
  resolved "https://registry.yarnpkg.com/lodash.clonedeep/-/lodash.clonedeep-4.5.0.tgz#e23f3f9c4f8fbdde872529c1071857a086e5ccef"

moment@2.19.3:
  version "2.19.3"
  resolved "https://registry.yarnpkg.com/moment/-/moment-2.19.3.tgz#bdb99d270d6d7fda78cc0fbace855e27fe7da69f"

redeyed@~1.0.1:
  version "1.0.1"
  resolved "https://registry.yarnpkg.com/redeyed/-/redeyed-1.0.1.tgz#e96c193b40c0816b00aec842698e61185e55498a"
  dependencies:
    esprima "~3.0.0"

through@~2.3.4:
  version "2.3.8"
  resolved "https://registry.yarnpkg.com/through/-/through-2.3.8.tgz#0dd4c9ffaabc357960b1b724115d7e0e86a2e1f5"

validator@7.2.0:
  version "7.2.0"
  resolved "https://registry.yarnpkg.com/validator/-/validator-7.2.0.tgz#a63dcbaba51d4350bf8df20988e0d5a54d711791"

varify@0.2.0:
  version "0.2.0"
  resolved "https://registry.yarnpkg.com/varify/-/varify-0.2.0.tgz#191da9fe9dc4cd68d0d14498d4e2a910ff4e6516"
  dependencies:
    redeyed "~1.0.1"
    through "~2.3.4"

yargs-parser@7.0.0:
  version "7.0.0"
  resolved "https://registry.yarnpkg.com/yargs-parser/-/yargs-parser-7.0.0.tgz#8d0ac42f16ea55debd332caf4c4038b3e3f5dfd9"
  dependencies:
    camelcase "^4.1.0"
